
Microsoft Visual Studio Solution File, Format Version 12.00
# Visual Studio Version 16
VisualStudioVersion = 16.0.30225.117
MinimumVisualStudioVersion = 10.0.40219.1
Project("{FAE04EC0-301F-11D3-BF4B-00C04F79EFBC}") = "TfxAspNet", "TfxAspNet\TfxAspNet.csproj", "{4AA07FDB-67D5-408F-907F-B4E7020D7AD0}"
EndProject
Project("{FAE04EC0-301F-11D3-BF4B-00C04F79EFBC}") = "TfxAspNet.Security", "TfxAspNet.Security\TfxAspNet.Security.csproj", "{00A4938D-296E-4435-B98E-D5AC47CD2D4B}"
EndProject
Global
	GlobalSection(SolutionConfigurationPlatforms) = preSolution
		Debug|Any CPU = Debug|Any CPU
		Release|Any CPU = Release|Any CPU
	EndGlobalSection
	GlobalSection(ProjectConfigurationPlatforms) = postSolution
		{4AA07FDB-67D5-408F-907F-B4E7020D7AD0}.Debug|Any CPU.ActiveCfg = Debug|Any CPU
		{4AA07FDB-67D5-408F-907F-B4E7020D7AD0}.Debug|Any CPU.Build.0 = Debug|Any CPU
		{4AA07FDB-67D5-408F-907F-B4E7020D7AD0}.Release|Any CPU.ActiveCfg = Release|Any CPU
		{4AA07FDB-67D5-408F-907F-B4E7020D7AD0}.Release|Any CPU.Build.0 = Release|Any CPU
		{00A4938D-296E-4435-B98E-D5AC47CD2D4B}.Debug|Any CPU.ActiveCfg = Debug|Any CPU
		{00A4938D-296E-4435-B98E-D5AC47CD2D4B}.Debug|Any CPU.Build.0 = Debug|Any CPU
		{00A4938D-296E-4435-B98E-D5AC47CD2D4B}.Release|Any CPU.ActiveCfg = Release|Any CPU
		{00A4938D-296E-4435-B98E-D5AC47CD2D4B}.Release|Any CPU.Build.0 = Release|Any CPU
	EndGlobalSection
	GlobalSection(SolutionProperties) = preSolution
		HideSolutionNode = FALSE
	EndGlobalSection
	GlobalSection(ExtensibilityGlobals) = postSolution
		SolutionGuid = {78F06899-C627-43BD-9F05-7453DC358E3C}
	EndGlobalSection
EndGlobal
